// !$*UTF8*$!
{
	archiveVersion = 1;
	classes = {
	};
	objectVersion = 55;
	objects = {

/* Begin PBXBuildFile section */
		09B14E0327416975006E2E48 /* WTbetaApp.swift in Sources */ = {isa = PBXBuildFile; fileRef = 09B14E0227416975006E2E48 /* WTbetaApp.swift */; };
		09B14E0727416975006E2E48 /* Assets.xcassets in Resources */ = {isa = PBXBuildFile; fileRef = 09B14E0627416975006E2E48 /* Assets.xcassets */; };
		09B14E0A27416975006E2E48 /* Preview Assets.xcassets in Resources */ = {isa = PBXBuildFile; fileRef = 09B14E0927416975006E2E48 /* Preview Assets.xcassets */; };
		09B14E1127416FB9006E2E48 /* GoogleService-Info.plist in Resources */ = {isa = PBXBuildFile; fileRef = 09B14E1027416FB9006E2E48 /* GoogleService-Info.plist */; };
		09B29466274D69E9000710BB /* HomeView.swift in Sources */ = {isa = PBXBuildFile; fileRef = 09B29465274D69E9000710BB /* HomeView.swift */; };
		09B29468274D6A11000710BB /* MapView.swift in Sources */ = {isa = PBXBuildFile; fileRef = 09B29467274D6A11000710BB /* MapView.swift */; };
		09B2946A274D6A37000710BB /* UserProfileView.swift in Sources */ = {isa = PBXBuildFile; fileRef = 09B29469274D6A37000710BB /* UserProfileView.swift */; };
		09B2946C274D6B78000710BB /* MapVM.swift in Sources */ = {isa = PBXBuildFile; fileRef = 09B2946B274D6B78000710BB /* MapVM.swift */; };
		09B29473274DD692000710BB /* SettingsView.swift in Sources */ = {isa = PBXBuildFile; fileRef = 09B29472274DD692000710BB /* SettingsView.swift */; };
		09B29476274DD6BD000710BB /* DogCard.swift in Sources */ = {isa = PBXBuildFile; fileRef = 09B29475274DD6BD000710BB /* DogCard.swift */; };
		09B29478274DEA1C000710BB /* DogParkView.swift in Sources */ = {isa = PBXBuildFile; fileRef = 09B29477274DEA1C000710BB /* DogParkView.swift */; };
		09B2947A274DEA6B000710BB /* DogParkCard.swift in Sources */ = {isa = PBXBuildFile; fileRef = 09B29479274DEA6B000710BB /* DogParkCard.swift */; };
		09C1747127489D5700E31F74 /* User.swift in Sources */ = {isa = PBXBuildFile; fileRef = 09C1747027489D5700E31F74 /* User.swift */; };
		09C174732748CA0200E31F74 /* Dog.swift in Sources */ = {isa = PBXBuildFile; fileRef = 09C174722748CA0200E31F74 /* Dog.swift */; };
		09C174752748CF6600E31F74 /* CreateDogView.swift in Sources */ = {isa = PBXBuildFile; fileRef = 09C174742748CF6600E31F74 /* CreateDogView.swift */; };
		09D0301D274CA3AB005BA4A2 /* notes in Resources */ = {isa = PBXBuildFile; fileRef = 09D0301C274CA3AB005BA4A2 /* notes */; };
		8D6EAF209979F7866408AC76 /* Pods_WTbeta.framework in Frameworks */ = {isa = PBXBuildFile; fileRef = F5549AF77D96FE482B9DCB17 /* Pods_WTbeta.framework */; };
		930B13012745B41E0045AF27 /* LoginView.swift in Sources */ = {isa = PBXBuildFile; fileRef = 930B13002745B41E0045AF27 /* LoginView.swift */; };
		930B13042745B49E0045AF27 /* LaunchView.swift in Sources */ = {isa = PBXBuildFile; fileRef = 930B13032745B49E0045AF27 /* LaunchView.swift */; };
		930B13072745B5BB0045AF27 /* UserVM.swift in Sources */ = {isa = PBXBuildFile; fileRef = 930B13062745B5BB0045AF27 /* UserVM.swift */; };
		930B130D2745C2170045AF27 /* Extensions.swift in Sources */ = {isa = PBXBuildFile; fileRef = 930B130C2745C2170045AF27 /* Extensions.swift */; };
		930B13122745C8BA0045AF27 /* CustomTextField.swift in Sources */ = {isa = PBXBuildFile; fileRef = 930B13112745C8BA0045AF27 /* CustomTextField.swift */; };
		930B13142745C8C20045AF27 /* Icon.swift in Sources */ = {isa = PBXBuildFile; fileRef = 930B13132745C8C20045AF27 /* Icon.swift */; };
		930B13172745C8D60045AF27 /* GlowRectangle.swift in Sources */ = {isa = PBXBuildFile; fileRef = 930B13162745C8D60045AF27 /* GlowRectangle.swift */; };
		930B13192745CDEC0045AF27 /* ContentView.swift in Sources */ = {isa = PBXBuildFile; fileRef = 930B13182745CDEC0045AF27 /* ContentView.swift */; };
		930B131B2746013F0045AF27 /* UserService.swift in Sources */ = {isa = PBXBuildFile; fileRef = 930B131A2746013F0045AF27 /* UserService.swift */; };
		930B1320274602DF0045AF27 /* IntroTabView.swift in Sources */ = {isa = PBXBuildFile; fileRef = 930B131F274602DF0045AF27 /* IntroTabView.swift */; };
		930B1322274D6FA30045AF27 /* DogPark.swift in Sources */ = {isa = PBXBuildFile; fileRef = 930B1321274D6FA30045AF27 /* DogPark.swift */; };
		930B1326274D8A9C0045AF27 /* DogParkVM.swift in Sources */ = {isa = PBXBuildFile; fileRef = 930B1325274D8A9C0045AF27 /* DogParkVM.swift */; };
		93D03295275550B900717984 /* EditDogView.swift in Sources */ = {isa = PBXBuildFile; fileRef = 93D03294275550B900717984 /* EditDogView.swift */; };
		93D032972755548400717984 /* AddDogDetails.swift in Sources */ = {isa = PBXBuildFile; fileRef = 93D032962755548400717984 /* AddDogDetails.swift */; };
		93D03299275554A700717984 /* AddBio.swift in Sources */ = {isa = PBXBuildFile; fileRef = 93D03298275554A700717984 /* AddBio.swift */; };
		93D0329B275554B300717984 /* AddPic.swift in Sources */ = {isa = PBXBuildFile; fileRef = 93D0329A275554B300717984 /* AddPic.swift */; };
		93D0329D2755597500717984 /* CustomNumField.swift in Sources */ = {isa = PBXBuildFile; fileRef = 93D0329C2755597500717984 /* CustomNumField.swift */; };
		93D0329F27555F0D00717984 /* ImagePicker.swift in Sources */ = {isa = PBXBuildFile; fileRef = 93D0329E27555F0D00717984 /* ImagePicker.swift */; };
		93D032A527558AAE00717984 /* StorageManager.swift in Sources */ = {isa = PBXBuildFile; fileRef = 93D032A427558AAE00717984 /* StorageManager.swift */; };
		93D032B727570C3E00717984 /* FirebaseImage.swift in Sources */ = {isa = PBXBuildFile; fileRef = 93D032B627570C3E00717984 /* FirebaseImage.swift */; };
		93D032B927570C4B00717984 /* Loader.swift in Sources */ = {isa = PBXBuildFile; fileRef = 93D032B827570C4B00717984 /* Loader.swift */; };
/* End PBXBuildFile section */

/* Begin PBXFileReference section */
		09B14DFF27416975006E2E48 /* WTbeta.app */ = {isa = PBXFileReference; explicitFileType = wrapper.application; includeInIndex = 0; path = WTbeta.app; sourceTree = BUILT_PRODUCTS_DIR; };
		09B14E0227416975006E2E48 /* WTbetaApp.swift */ = {isa = PBXFileReference; lastKnownFileType = sourcecode.swift; path = WTbetaApp.swift; sourceTree = "<group>"; };
		09B14E0627416975006E2E48 /* Assets.xcassets */ = {isa = PBXFileReference; lastKnownFileType = folder.assetcatalog; path = Assets.xcassets; sourceTree = "<group>"; };
		09B14E0927416975006E2E48 /* Preview Assets.xcassets */ = {isa = PBXFileReference; lastKnownFileType = folder.assetcatalog; path = "Preview Assets.xcassets"; sourceTree = "<group>"; };
		09B14E1027416FB9006E2E48 /* GoogleService-Info.plist */ = {isa = PBXFileReference; fileEncoding = 4; lastKnownFileType = text.plist.xml; path = "GoogleService-Info.plist"; sourceTree = "<group>"; };
		09B29465274D69E9000710BB /* HomeView.swift */ = {isa = PBXFileReference; lastKnownFileType = sourcecode.swift; path = HomeView.swift; sourceTree = "<group>"; };
		09B29467274D6A11000710BB /* MapView.swift */ = {isa = PBXFileReference; lastKnownFileType = sourcecode.swift; path = MapView.swift; sourceTree = "<group>"; };
		09B29469274D6A37000710BB /* UserProfileView.swift */ = {isa = PBXFileReference; lastKnownFileType = sourcecode.swift; path = UserProfileView.swift; sourceTree = "<group>"; };
		09B2946B274D6B78000710BB /* MapVM.swift */ = {isa = PBXFileReference; lastKnownFileType = sourcecode.swift; path = MapVM.swift; sourceTree = "<group>"; };
		09B29472274DD692000710BB /* SettingsView.swift */ = {isa = PBXFileReference; lastKnownFileType = sourcecode.swift; path = SettingsView.swift; sourceTree = "<group>"; };
		09B29475274DD6BD000710BB /* DogCard.swift */ = {isa = PBXFileReference; lastKnownFileType = sourcecode.swift; path = DogCard.swift; sourceTree = "<group>"; };
		09B29477274DEA1C000710BB /* DogParkView.swift */ = {isa = PBXFileReference; lastKnownFileType = sourcecode.swift; path = DogParkView.swift; sourceTree = "<group>"; };
		09B29479274DEA6B000710BB /* DogParkCard.swift */ = {isa = PBXFileReference; lastKnownFileType = sourcecode.swift; path = DogParkCard.swift; sourceTree = "<group>"; };
		09C1747027489D5700E31F74 /* User.swift */ = {isa = PBXFileReference; lastKnownFileType = sourcecode.swift; name = User.swift; path = WTbeta/User.swift; sourceTree = SOURCE_ROOT; };
		09C174722748CA0200E31F74 /* Dog.swift */ = {isa = PBXFileReference; lastKnownFileType = sourcecode.swift; name = Dog.swift; path = WTbeta/Dog.swift; sourceTree = SOURCE_ROOT; };
		09C174742748CF6600E31F74 /* CreateDogView.swift */ = {isa = PBXFileReference; lastKnownFileType = sourcecode.swift; path = CreateDogView.swift; sourceTree = "<group>"; };
		09D0301C274CA3AB005BA4A2 /* notes */ = {isa = PBXFileReference; lastKnownFileType = text; path = notes; sourceTree = "<group>"; };
		889042ECC0A39D82A644CD7C /* Pods-WTbeta.debug.xcconfig */ = {isa = PBXFileReference; includeInIndex = 1; lastKnownFileType = text.xcconfig; name = "Pods-WTbeta.debug.xcconfig"; path = "Target Support Files/Pods-WTbeta/Pods-WTbeta.debug.xcconfig"; sourceTree = "<group>"; };
		930B13002745B41E0045AF27 /* LoginView.swift */ = {isa = PBXFileReference; lastKnownFileType = sourcecode.swift; path = LoginView.swift; sourceTree = "<group>"; };
		930B13032745B49E0045AF27 /* LaunchView.swift */ = {isa = PBXFileReference; lastKnownFileType = sourcecode.swift; path = LaunchView.swift; sourceTree = "<group>"; };
		930B13062745B5BB0045AF27 /* UserVM.swift */ = {isa = PBXFileReference; lastKnownFileType = sourcecode.swift; path = UserVM.swift; sourceTree = "<group>"; };
		930B130C2745C2170045AF27 /* Extensions.swift */ = {isa = PBXFileReference; lastKnownFileType = sourcecode.swift; path = Extensions.swift; sourceTree = "<group>"; };
		930B13112745C8BA0045AF27 /* CustomTextField.swift */ = {isa = PBXFileReference; lastKnownFileType = sourcecode.swift; path = CustomTextField.swift; sourceTree = "<group>"; };
		930B13132745C8C20045AF27 /* Icon.swift */ = {isa = PBXFileReference; lastKnownFileType = sourcecode.swift; path = Icon.swift; sourceTree = "<group>"; };
		930B13162745C8D60045AF27 /* GlowRectangle.swift */ = {isa = PBXFileReference; lastKnownFileType = sourcecode.swift; path = GlowRectangle.swift; sourceTree = "<group>"; };
		930B13182745CDEC0045AF27 /* ContentView.swift */ = {isa = PBXFileReference; lastKnownFileType = sourcecode.swift; path = ContentView.swift; sourceTree = "<group>"; };
		930B131A2746013F0045AF27 /* UserService.swift */ = {isa = PBXFileReference; lastKnownFileType = sourcecode.swift; path = UserService.swift; sourceTree = "<group>"; };
		930B131F274602DF0045AF27 /* IntroTabView.swift */ = {isa = PBXFileReference; lastKnownFileType = sourcecode.swift; path = IntroTabView.swift; sourceTree = "<group>"; };
		930B1321274D6FA30045AF27 /* DogPark.swift */ = {isa = PBXFileReference; lastKnownFileType = sourcecode.swift; path = DogPark.swift; sourceTree = "<group>"; };
		930B1325274D8A9C0045AF27 /* DogParkVM.swift */ = {isa = PBXFileReference; lastKnownFileType = sourcecode.swift; path = DogParkVM.swift; sourceTree = "<group>"; };
		93D03294275550B900717984 /* EditDogView.swift */ = {isa = PBXFileReference; lastKnownFileType = sourcecode.swift; path = EditDogView.swift; sourceTree = "<group>"; };
		93D032962755548400717984 /* AddDogDetails.swift */ = {isa = PBXFileReference; lastKnownFileType = sourcecode.swift; path = AddDogDetails.swift; sourceTree = "<group>"; };
		93D03298275554A700717984 /* AddBio.swift */ = {isa = PBXFileReference; lastKnownFileType = sourcecode.swift; path = AddBio.swift; sourceTree = "<group>"; };
		93D0329A275554B300717984 /* AddPic.swift */ = {isa = PBXFileReference; lastKnownFileType = sourcecode.swift; path = AddPic.swift; sourceTree = "<group>"; };
		93D0329C2755597500717984 /* CustomNumField.swift */ = {isa = PBXFileReference; lastKnownFileType = sourcecode.swift; path = CustomNumField.swift; sourceTree = "<group>"; };
		93D0329E27555F0D00717984 /* ImagePicker.swift */ = {isa = PBXFileReference; lastKnownFileType = sourcecode.swift; path = ImagePicker.swift; sourceTree = "<group>"; };
		93D032A427558AAE00717984 /* StorageManager.swift */ = {isa = PBXFileReference; lastKnownFileType = sourcecode.swift; path = StorageManager.swift; sourceTree = "<group>"; };
		93D032B627570C3E00717984 /* FirebaseImage.swift */ = {isa = PBXFileReference; lastKnownFileType = sourcecode.swift; path = FirebaseImage.swift; sourceTree = "<group>"; };
		93D032B827570C4B00717984 /* Loader.swift */ = {isa = PBXFileReference; lastKnownFileType = sourcecode.swift; path = Loader.swift; sourceTree = "<group>"; };
		E8D917CA8FF2C59896B74A6B /* Pods-WTbeta.release.xcconfig */ = {isa = PBXFileReference; includeInIndex = 1; lastKnownFileType = text.xcconfig; name = "Pods-WTbeta.release.xcconfig"; path = "Target Support Files/Pods-WTbeta/Pods-WTbeta.release.xcconfig"; sourceTree = "<group>"; };
		F5549AF77D96FE482B9DCB17 /* Pods_WTbeta.framework */ = {isa = PBXFileReference; explicitFileType = wrapper.framework; includeInIndex = 0; path = Pods_WTbeta.framework; sourceTree = BUILT_PRODUCTS_DIR; };
/* End PBXFileReference section */

/* Begin PBXFrameworksBuildPhase section */
		09B14DFC27416975006E2E48 /* Frameworks */ = {
			isa = PBXFrameworksBuildPhase;
			buildActionMask = 2147483647;
			files = (
				8D6EAF209979F7866408AC76 /* Pods_WTbeta.framework in Frameworks */,
			);
			runOnlyForDeploymentPostprocessing = 0;
		};
/* End PBXFrameworksBuildPhase section */

/* Begin PBXGroup section */
		09B14DF627416975006E2E48 = {
			isa = PBXGroup;
			children = (
				09B14E0127416975006E2E48 /* WTbeta */,
				09B14E0027416975006E2E48 /* Products */,
				59A0081E8B9F45530E38C234 /* Pods */,
				73F6743BF8E1B8425A4B6F90 /* Frameworks */,
			);
			sourceTree = "<group>";
		};
		09B14E0027416975006E2E48 /* Products */ = {
			isa = PBXGroup;
			children = (
				09B14DFF27416975006E2E48 /* WTbeta.app */,
			);
			name = Products;
			sourceTree = "<group>";
		};
		09B14E0127416975006E2E48 /* WTbeta */ = {
			isa = PBXGroup;
			children = (
				09B14E0227416975006E2E48 /* WTbetaApp.swift */,
				930B13022745B4640045AF27 /* Customizing */,
				09B14E0627416975006E2E48 /* Assets.xcassets */,
				09B14E1027416FB9006E2E48 /* GoogleService-Info.plist */,
				09B14E0827416975006E2E48 /* Preview Content */,
				09D0301C274CA3AB005BA4A2 /* notes */,
			);
			path = WTbeta;
			sourceTree = "<group>";
		};
		09B14E0827416975006E2E48 /* Preview Content */ = {
			isa = PBXGroup;
			children = (
				09B14E0927416975006E2E48 /* Preview Assets.xcassets */,
			);
			path = "Preview Content";
			sourceTree = "<group>";
		};
		09B29474274DD6A4000710BB /* SubViews */ = {
			isa = PBXGroup;
			children = (
				09B29475274DD6BD000710BB /* DogCard.swift */,
				09B29479274DEA6B000710BB /* DogParkCard.swift */,
			);
			path = SubViews;
			sourceTree = "<group>";
		};
		59A0081E8B9F45530E38C234 /* Pods */ = {
			isa = PBXGroup;
			children = (
				889042ECC0A39D82A644CD7C /* Pods-WTbeta.debug.xcconfig */,
				E8D917CA8FF2C59896B74A6B /* Pods-WTbeta.release.xcconfig */,
			);
			path = Pods;
			sourceTree = "<group>";
		};
		73F6743BF8E1B8425A4B6F90 /* Frameworks */ = {
			isa = PBXGroup;
			children = (
				F5549AF77D96FE482B9DCB17 /* Pods_WTbeta.framework */,
			);
			name = Frameworks;
			sourceTree = "<group>";
		};
		930B13022745B4640045AF27 /* Customizing */ = {
			isa = PBXGroup;
			children = (
				930B131E2746024F0045AF27 /* Helpers */,
				930B131D274602490045AF27 /* Models */,
				930B131C274602400045AF27 /* Views */,
				930B13052745B5A10045AF27 /* ViewModel */,
			);
			path = Customizing;
			sourceTree = "<group>";
		};
		930B13052745B5A10045AF27 /* ViewModel */ = {
			isa = PBXGroup;
			children = (
				930B13062745B5BB0045AF27 /* UserVM.swift */,
				09B2946B274D6B78000710BB /* MapVM.swift */,
				930B1325274D8A9C0045AF27 /* DogParkVM.swift */,
			);
			path = ViewModel;
			sourceTree = "<group>";
		};
		930B13102745C8A10045AF27 /* Components */ = {
			isa = PBXGroup;
			children = (
				930B13132745C8C20045AF27 /* Icon.swift */,
				930B13162745C8D60045AF27 /* GlowRectangle.swift */,
				930B13112745C8BA0045AF27 /* CustomTextField.swift */,
				93D0329C2755597500717984 /* CustomNumField.swift */,
			);
			path = Components;
			sourceTree = "<group>";
		};
		930B131C274602400045AF27 /* Views */ = {
			isa = PBXGroup;
			children = (
				930B13032745B49E0045AF27 /* LaunchView.swift */,
				930B13182745CDEC0045AF27 /* ContentView.swift */,
				930B13102745C8A10045AF27 /* Components */,
				09B29474274DD6A4000710BB /* SubViews */,
				93D0329227554FF800717984 /* Onboarding */,
				93D032932755509500717984 /* Profile & Settings */,
				09B29465274D69E9000710BB /* HomeView.swift */,
				09B29467274D6A11000710BB /* MapView.swift */,
				09B29477274DEA1C000710BB /* DogParkView.swift */,
			);
			path = Views;
			sourceTree = "<group>";
		};
		930B131D274602490045AF27 /* Models */ = {
			isa = PBXGroup;
			children = (
				09C1747027489D5700E31F74 /* User.swift */,
				09C174722748CA0200E31F74 /* Dog.swift */,
				930B1321274D6FA30045AF27 /* DogPark.swift */,
			);
			path = Models;
			sourceTree = "<group>";
		};
		930B131E2746024F0045AF27 /* Helpers */ = {
			isa = PBXGroup;
			children = (
				93D032B527570C2600717984 /* Image Support */,
				930B131A2746013F0045AF27 /* UserService.swift */,
				930B130C2745C2170045AF27 /* Extensions.swift */,
				93D032A427558AAE00717984 /* StorageManager.swift */,
			);
			path = Helpers;
			sourceTree = "<group>";
		};
		93D0329227554FF800717984 /* Onboarding */ = {
			isa = PBXGroup;
			children = (
				930B131F274602DF0045AF27 /* IntroTabView.swift */,
				930B13002745B41E0045AF27 /* LoginView.swift */,
				93D032962755548400717984 /* AddDogDetails.swift */,
				93D03298275554A700717984 /* AddBio.swift */,
				93D0329A275554B300717984 /* AddPic.swift */,
			);
			path = Onboarding;
			sourceTree = "<group>";
		};
		93D032932755509500717984 /* Profile & Settings */ = {
			isa = PBXGroup;
			children = (
				09B29469274D6A37000710BB /* UserProfileView.swift */,
				09C174742748CF6600E31F74 /* CreateDogView.swift */,
				93D03294275550B900717984 /* EditDogView.swift */,
				09B29472274DD692000710BB /* SettingsView.swift */,
			);
			path = "Profile & Settings";
			sourceTree = "<group>";
		};
		93D032B527570C2600717984 /* Image Support */ = {
			isa = PBXGroup;
			children = (
				93D0329E27555F0D00717984 /* ImagePicker.swift */,
				93D032B627570C3E00717984 /* FirebaseImage.swift */,
				93D032B827570C4B00717984 /* Loader.swift */,
			);
			path = "Image Support";
			sourceTree = "<group>";
		};
/* End PBXGroup section */

/* Begin PBXNativeTarget section */
		09B14DFE27416975006E2E48 /* WTbeta */ = {
			isa = PBXNativeTarget;
			buildConfigurationList = 09B14E0D27416975006E2E48 /* Build configuration list for PBXNativeTarget "WTbeta" */;
			buildPhases = (
				B305476C3ECA22B15C55E0EE /* [CP] Check Pods Manifest.lock */,
				09B14DFB27416975006E2E48 /* Sources */,
				09B14DFC27416975006E2E48 /* Frameworks */,
				09B14DFD27416975006E2E48 /* Resources */,
				C25E18B42122E3901B876599 /* [CP] Embed Pods Frameworks */,
			);
			buildRules = (
			);
			dependencies = (
			);
			name = WTbeta;
			productName = WTbeta;
			productReference = 09B14DFF27416975006E2E48 /* WTbeta.app */;
			productType = "com.apple.product-type.application";
		};
/* End PBXNativeTarget section */

/* Begin PBXProject section */
		09B14DF727416975006E2E48 /* Project object */ = {
			isa = PBXProject;
			attributes = {
				BuildIndependentTargetsInParallel = 1;
				LastSwiftUpdateCheck = 1300;
				LastUpgradeCheck = 1300;
				TargetAttributes = {
					09B14DFE27416975006E2E48 = {
						CreatedOnToolsVersion = 13.0;
					};
				};
			};
			buildConfigurationList = 09B14DFA27416975006E2E48 /* Build configuration list for PBXProject "WTbeta" */;
			compatibilityVersion = "Xcode 13.0";
			developmentRegion = en;
			hasScannedForEncodings = 0;
			knownRegions = (
				en,
				Base,
			);
			mainGroup = 09B14DF627416975006E2E48;
			productRefGroup = 09B14E0027416975006E2E48 /* Products */;
			projectDirPath = "";
			projectRoot = "";
			targets = (
				09B14DFE27416975006E2E48 /* WTbeta */,
			);
		};
/* End PBXProject section */

/* Begin PBXResourcesBuildPhase section */
		09B14DFD27416975006E2E48 /* Resources */ = {
			isa = PBXResourcesBuildPhase;
			buildActionMask = 2147483647;
			files = (
				09B14E0A27416975006E2E48 /* Preview Assets.xcassets in Resources */,
				09B14E0727416975006E2E48 /* Assets.xcassets in Resources */,
				09D0301D274CA3AB005BA4A2 /* notes in Resources */,
				09B14E1127416FB9006E2E48 /* GoogleService-Info.plist in Resources */,
			);
			runOnlyForDeploymentPostprocessing = 0;
		};
/* End PBXResourcesBuildPhase section */

/* Begin PBXShellScriptBuildPhase section */
		B305476C3ECA22B15C55E0EE /* [CP] Check Pods Manifest.lock */ = {
			isa = PBXShellScriptBuildPhase;
			buildActionMask = 2147483647;
			files = (
			);
			inputFileListPaths = (
			);
			inputPaths = (
				"${PODS_PODFILE_DIR_PATH}/Podfile.lock",
				"${PODS_ROOT}/Manifest.lock",
			);
			name = "[CP] Check Pods Manifest.lock";
			outputFileListPaths = (
			);
			outputPaths = (
				"$(DERIVED_FILE_DIR)/Pods-WTbeta-checkManifestLockResult.txt",
			);
			runOnlyForDeploymentPostprocessing = 0;
			shellPath = /bin/sh;
			shellScript = "diff \"${PODS_PODFILE_DIR_PATH}/Podfile.lock\" \"${PODS_ROOT}/Manifest.lock\" > /dev/null\nif [ $? != 0 ] ; then\n    # print error to STDERR\n    echo \"error: The sandbox is not in sync with the Podfile.lock. Run 'pod install' or update your CocoaPods installation.\" >&2\n    exit 1\nfi\n# This output is used by Xcode 'outputs' to avoid re-running this script phase.\necho \"SUCCESS\" > \"${SCRIPT_OUTPUT_FILE_0}\"\n";
			showEnvVarsInLog = 0;
		};
		C25E18B42122E3901B876599 /* [CP] Embed Pods Frameworks */ = {
			isa = PBXShellScriptBuildPhase;
			buildActionMask = 2147483647;
			files = (
			);
			inputFileListPaths = (
				"${PODS_ROOT}/Target Support Files/Pods-WTbeta/Pods-WTbeta-frameworks-${CONFIGURATION}-input-files.xcfilelist",
			);
			name = "[CP] Embed Pods Frameworks";
			outputFileListPaths = (
				"${PODS_ROOT}/Target Support Files/Pods-WTbeta/Pods-WTbeta-frameworks-${CONFIGURATION}-output-files.xcfilelist",
			);
			runOnlyForDeploymentPostprocessing = 0;
			shellPath = /bin/sh;
			shellScript = "\"${PODS_ROOT}/Target Support Files/Pods-WTbeta/Pods-WTbeta-frameworks.sh\"\n";
			showEnvVarsInLog = 0;
		};
/* End PBXShellScriptBuildPhase section */

/* Begin PBXSourcesBuildPhase section */
		09B14DFB27416975006E2E48 /* Sources */ = {
			isa = PBXSourcesBuildPhase;
			buildActionMask = 2147483647;
			files = (
				930B131B2746013F0045AF27 /* UserService.swift in Sources */,
				930B13192745CDEC0045AF27 /* ContentView.swift in Sources */,
				930B13012745B41E0045AF27 /* LoginView.swift in Sources */,
				93D0329F27555F0D00717984 /* ImagePicker.swift in Sources */,
				09C174752748CF6600E31F74 /* CreateDogView.swift in Sources */,
				09B29466274D69E9000710BB /* HomeView.swift in Sources */,
				930B130D2745C2170045AF27 /* Extensions.swift in Sources */,
				09B29476274DD6BD000710BB /* DogCard.swift in Sources */,
				09C1747127489D5700E31F74 /* User.swift in Sources */,
				09B2946C274D6B78000710BB /* MapVM.swift in Sources */,
				09B2946A274D6A37000710BB /* UserProfileView.swift in Sources */,
				09B29478274DEA1C000710BB /* DogParkView.swift in Sources */,
				93D0329D2755597500717984 /* CustomNumField.swift in Sources */,
				93D032B727570C3E00717984 /* FirebaseImage.swift in Sources */,
				93D0329B275554B300717984 /* AddPic.swift in Sources */,
				930B13072745B5BB0045AF27 /* UserVM.swift in Sources */,
				930B13172745C8D60045AF27 /* GlowRectangle.swift in Sources */,
				93D032A527558AAE00717984 /* StorageManager.swift in Sources */,
				09B2947A274DEA6B000710BB /* DogParkCard.swift in Sources */,
				930B13122745C8BA0045AF27 /* CustomTextField.swift in Sources */,
				09C174732748CA0200E31F74 /* Dog.swift in Sources */,
				930B13042745B49E0045AF27 /* LaunchView.swift in Sources */,
				09B14E0327416975006E2E48 /* WTbetaApp.swift in Sources */,
				930B1322274D6FA30045AF27 /* DogPark.swift in Sources */,
				930B1320274602DF0045AF27 /* IntroTabView.swift in Sources */,
				09B29468274D6A11000710BB /* MapView.swift in Sources */,
				93D032972755548400717984 /* AddDogDetails.swift in Sources */,
				93D03295275550B900717984 /* EditDogView.swift in Sources */,
				93D03299275554A700717984 /* AddBio.swift in Sources */,
				930B1326274D8A9C0045AF27 /* DogParkVM.swift in Sources */,
				93D032B927570C4B00717984 /* Loader.swift in Sources */,
				930B13142745C8C20045AF27 /* Icon.swift in Sources */,
				09B29473274DD692000710BB /* SettingsView.swift in Sources */,
			);
			runOnlyForDeploymentPostprocessing = 0;
		};
/* End PBXSourcesBuildPhase section */

/* Begin XCBuildConfiguration section */
		09B14E0B27416975006E2E48 /* Debug */ = {
			isa = XCBuildConfiguration;
			buildSettings = {
				ALWAYS_SEARCH_USER_PATHS = NO;
				CLANG_ANALYZER_NONNULL = YES;
				CLANG_ANALYZER_NUMBER_OBJECT_CONVERSION = YES_AGGRESSIVE;
				CLANG_CXX_LANGUAGE_STANDARD = "gnu++17";
				CLANG_CXX_LIBRARY = "libc++";
				CLANG_ENABLE_MODULES = YES;
				CLANG_ENABLE_OBJC_ARC = YES;
				CLANG_ENABLE_OBJC_WEAK = YES;
				CLANG_WARN_BLOCK_CAPTURE_AUTORELEASING = YES;
				CLANG_WARN_BOOL_CONVERSION = YES;
				CLANG_WARN_COMMA = YES;
				CLANG_WARN_CONSTANT_CONVERSION = YES;
				CLANG_WARN_DEPRECATED_OBJC_IMPLEMENTATIONS = YES;
				CLANG_WARN_DIRECT_OBJC_ISA_USAGE = YES_ERROR;
				CLANG_WARN_DOCUMENTATION_COMMENTS = YES;
				CLANG_WARN_EMPTY_BODY = YES;
				CLANG_WARN_ENUM_CONVERSION = YES;
				CLANG_WARN_INFINITE_RECURSION = YES;
				CLANG_WARN_INT_CONVERSION = YES;
				CLANG_WARN_NON_LITERAL_NULL_CONVERSION = YES;
				CLANG_WARN_OBJC_IMPLICIT_RETAIN_SELF = YES;
				CLANG_WARN_OBJC_LITERAL_CONVERSION = YES;
				CLANG_WARN_OBJC_ROOT_CLASS = YES_ERROR;
				CLANG_WARN_QUOTED_INCLUDE_IN_FRAMEWORK_HEADER = YES;
				CLANG_WARN_RANGE_LOOP_ANALYSIS = YES;
				CLANG_WARN_STRICT_PROTOTYPES = YES;
				CLANG_WARN_SUSPICIOUS_MOVE = YES;
				CLANG_WARN_UNGUARDED_AVAILABILITY = YES_AGGRESSIVE;
				CLANG_WARN_UNREACHABLE_CODE = YES;
				CLANG_WARN__DUPLICATE_METHOD_MATCH = YES;
				COPY_PHASE_STRIP = NO;
				DEBUG_INFORMATION_FORMAT = dwarf;
				ENABLE_STRICT_OBJC_MSGSEND = YES;
				ENABLE_TESTABILITY = YES;
				GCC_C_LANGUAGE_STANDARD = gnu11;
				GCC_DYNAMIC_NO_PIC = NO;
				GCC_NO_COMMON_BLOCKS = YES;
				GCC_OPTIMIZATION_LEVEL = 0;
				GCC_PREPROCESSOR_DEFINITIONS = (
					"DEBUG=1",
					"$(inherited)",
				);
				GCC_WARN_64_TO_32_BIT_CONVERSION = YES;
				GCC_WARN_ABOUT_RETURN_TYPE = YES_ERROR;
				GCC_WARN_UNDECLARED_SELECTOR = YES;
				GCC_WARN_UNINITIALIZED_AUTOS = YES_AGGRESSIVE;
				GCC_WARN_UNUSED_FUNCTION = YES;
				GCC_WARN_UNUSED_VARIABLE = YES;
				IPHONEOS_DEPLOYMENT_TARGET = 15.0;
				MTL_ENABLE_DEBUG_INFO = INCLUDE_SOURCE;
				MTL_FAST_MATH = YES;
				ONLY_ACTIVE_ARCH = YES;
				SDKROOT = iphoneos;
				SWIFT_ACTIVE_COMPILATION_CONDITIONS = DEBUG;
				SWIFT_OPTIMIZATION_LEVEL = "-Onone";
			};
			name = Debug;
		};
		09B14E0C27416975006E2E48 /* Release */ = {
			isa = XCBuildConfiguration;
			buildSettings = {
				ALWAYS_SEARCH_USER_PATHS = NO;
				CLANG_ANALYZER_NONNULL = YES;
				CLANG_ANALYZER_NUMBER_OBJECT_CONVERSION = YES_AGGRESSIVE;
				CLANG_CXX_LANGUAGE_STANDARD = "gnu++17";
				CLANG_CXX_LIBRARY = "libc++";
				CLANG_ENABLE_MODULES = YES;
				CLANG_ENABLE_OBJC_ARC = YES;
				CLANG_ENABLE_OBJC_WEAK = YES;
				CLANG_WARN_BLOCK_CAPTURE_AUTORELEASING = YES;
				CLANG_WARN_BOOL_CONVERSION = YES;
				CLANG_WARN_COMMA = YES;
				CLANG_WARN_CONSTANT_CONVERSION = YES;
				CLANG_WARN_DEPRECATED_OBJC_IMPLEMENTATIONS = YES;
				CLANG_WARN_DIRECT_OBJC_ISA_USAGE = YES_ERROR;
				CLANG_WARN_DOCUMENTATION_COMMENTS = YES;
				CLANG_WARN_EMPTY_BODY = YES;
				CLANG_WARN_ENUM_CONVERSION = YES;
				CLANG_WARN_INFINITE_RECURSION = YES;
				CLANG_WARN_INT_CONVERSION = YES;
				CLANG_WARN_NON_LITERAL_NULL_CONVERSION = YES;
				CLANG_WARN_OBJC_IMPLICIT_RETAIN_SELF = YES;
				CLANG_WARN_OBJC_LITERAL_CONVERSION = YES;
				CLANG_WARN_OBJC_ROOT_CLASS = YES_ERROR;
				CLANG_WARN_QUOTED_INCLUDE_IN_FRAMEWORK_HEADER = YES;
				CLANG_WARN_RANGE_LOOP_ANALYSIS = YES;
				CLANG_WARN_STRICT_PROTOTYPES = YES;
				CLANG_WARN_SUSPICIOUS_MOVE = YES;
				CLANG_WARN_UNGUARDED_AVAILABILITY = YES_AGGRESSIVE;
				CLANG_WARN_UNREACHABLE_CODE = YES;
				CLANG_WARN__DUPLICATE_METHOD_MATCH = YES;
				COPY_PHASE_STRIP = NO;
				DEBUG_INFORMATION_FORMAT = "dwarf-with-dsym";
				ENABLE_NS_ASSERTIONS = NO;
				ENABLE_STRICT_OBJC_MSGSEND = YES;
				GCC_C_LANGUAGE_STANDARD = gnu11;
				GCC_NO_COMMON_BLOCKS = YES;
				GCC_WARN_64_TO_32_BIT_CONVERSION = YES;
				GCC_WARN_ABOUT_RETURN_TYPE = YES_ERROR;
				GCC_WARN_UNDECLARED_SELECTOR = YES;
				GCC_WARN_UNINITIALIZED_AUTOS = YES_AGGRESSIVE;
				GCC_WARN_UNUSED_FUNCTION = YES;
				GCC_WARN_UNUSED_VARIABLE = YES;
				IPHONEOS_DEPLOYMENT_TARGET = 15.0;
				MTL_ENABLE_DEBUG_INFO = NO;
				MTL_FAST_MATH = YES;
				SDKROOT = iphoneos;
				SWIFT_COMPILATION_MODE = wholemodule;
				SWIFT_OPTIMIZATION_LEVEL = "-O";
				VALIDATE_PRODUCT = YES;
			};
			name = Release;
		};
		09B14E0E27416975006E2E48 /* Debug */ = {
			isa = XCBuildConfiguration;
			baseConfigurationReference = 889042ECC0A39D82A644CD7C /* Pods-WTbeta.debug.xcconfig */;
			buildSettings = {
				ASSETCATALOG_COMPILER_APPICON_NAME = AppIcon;
				ASSETCATALOG_COMPILER_GLOBAL_ACCENT_COLOR_NAME = AccentColor;
				CODE_SIGN_STYLE = Automatic;
				CURRENT_PROJECT_VERSION = 1;
				DEVELOPMENT_ASSET_PATHS = "\"WTbeta/Preview Content\"";
				DEVELOPMENT_TEAM = HP6H72HN7Z;
				ENABLE_PREVIEWS = YES;
				GENERATE_INFOPLIST_FILE = YES;
				INFOPLIST_KEY_UIApplicationSceneManifest_Generation = YES;
				INFOPLIST_KEY_UIApplicationSupportsIndirectInputEvents = YES;
				INFOPLIST_KEY_UILaunchScreen_Generation = YES;
				INFOPLIST_KEY_UISupportedInterfaceOrientations_iPad = "UIInterfaceOrientationPortrait UIInterfaceOrientationPortraitUpsideDown UIInterfaceOrientationLandscapeLeft UIInterfaceOrientationLandscapeRight";
				INFOPLIST_KEY_UISupportedInterfaceOrientations_iPhone = "UIInterfaceOrientationPortrait UIInterfaceOrientationLandscapeLeft UIInterfaceOrientationLandscapeRight";
				IPHONEOS_DEPLOYMENT_TARGET = 14.0;
				LD_RUNPATH_SEARCH_PATHS = (
					"$(inherited)",
					"@executable_path/Frameworks",
				);
				MARKETING_VERSION = 1.0;
				PRODUCT_BUNDLE_IDENTIFIER = com.playground.WTbeta;
				PRODUCT_NAME = "$(TARGET_NAME)";
				SWIFT_EMIT_LOC_STRINGS = YES;
				SWIFT_VERSION = 5.0;
				TARGETED_DEVICE_FAMILY = "1,2";
			};
			name = Debug;
		};
		09B14E0F27416975006E2E48 /* Release */ = {
			isa = XCBuildConfiguration;
			baseConfigurationReference = E8D917CA8FF2C59896B74A6B /* Pods-WTbeta.release.xcconfig */;
			buildSettings = {
				ASSETCATALOG_COMPILER_APPICON_NAME = AppIcon;
				ASSETCATALOG_COMPILER_GLOBAL_ACCENT_COLOR_NAME = AccentColor;
				CODE_SIGN_STYLE = Automatic;
				CURRENT_PROJECT_VERSION = 1;
				DEVELOPMENT_ASSET_PATHS = "\"WTbeta/Preview Content\"";
				DEVELOPMENT_TEAM = HP6H72HN7Z;
				ENABLE_PREVIEWS = YES;
				GENERATE_INFOPLIST_FILE = YES;
				INFOPLIST_KEY_UIApplicationSceneManifest_Generation = YES;
				INFOPLIST_KEY_UIApplicationSupportsIndirectInputEvents = YES;
				INFOPLIST_KEY_UILaunchScreen_Generation = YES;
				INFOPLIST_KEY_UISupportedInterfaceOrientations_iPad = "UIInterfaceOrientationPortrait UIInterfaceOrientationPortraitUpsideDown UIInterfaceOrientationLandscapeLeft UIInterfaceOrientationLandscapeRight";
				INFOPLIST_KEY_UISupportedInterfaceOrientations_iPhone = "UIInterfaceOrientationPortrait UIInterfaceOrientationLandscapeLeft UIInterfaceOrientationLandscapeRight";
				IPHONEOS_DEPLOYMENT_TARGET = 14.0;
				LD_RUNPATH_SEARCH_PATHS = (
					"$(inherited)",
					"@executable_path/Frameworks",
				);
				MARKETING_VERSION = 1.0;
				PRODUCT_BUNDLE_IDENTIFIER = com.playground.WTbeta;
				PRODUCT_NAME = "$(TARGET_NAME)";
				SWIFT_EMIT_LOC_STRINGS = YES;
				SWIFT_VERSION = 5.0;
				TARGETED_DEVICE_FAMILY = "1,2";
			};
			name = Release;
		};
/* End XCBuildConfiguration section */

/* Begin XCConfigurationList section */
		09B14DFA27416975006E2E48 /* Build configuration list for PBXProject "WTbeta" */ = {
			isa = XCConfigurationList;
			buildConfigurations = (
				09B14E0B27416975006E2E48 /* Debug */,
				09B14E0C27416975006E2E48 /* Release */,
			);
			defaultConfigurationIsVisible = 0;
			defaultConfigurationName = Release;
		};
		09B14E0D27416975006E2E48 /* Build configuration list for PBXNativeTarget "WTbeta" */ = {
			isa = XCConfigurationList;
			buildConfigurations = (
				09B14E0E27416975006E2E48 /* Debug */,
				09B14E0F27416975006E2E48 /* Release */,
			);
			defaultConfigurationIsVisible = 0;
			defaultConfigurationName = Release;
		};
/* End XCConfigurationList section */
	};
	rootObject = 09B14DF727416975006E2E48 /* Project object */;
}
